
Microsoft Visual Studio Solution File, Format Version 12.00
# Visual Studio Version 17
VisualStudioVersion = 17.13.36105.23 d17.13
MinimumVisualStudioVersion = 10.0.40219.1
Project("{FAE04EC0-301F-11D3-BF4B-00C04F79EFBC}") = "Squares.API", "Squares.API.csproj", "{8C004605-71AD-43E3-8B97-5E49A5FB9B24}"
EndProject
Project("{FAE04EC0-301F-11D3-BF4B-00C04F79EFBC}") = "Squares.Business", "..\Squares.Business\Squares.Business.csproj", "{C8CF2D24-63A3-4B62-8089-1DC96DB3C01F}"
EndProject
Project("{FAE04EC0-301F-11D3-BF4B-00C04F79EFBC}") = "Squares.Persistence", "..\Squares.Persistence\Squares.Persistence.csproj", "{1B0D46FD-6409-46D2-A29C-001A7D1487F2}"
EndProject
Project("{2150E333-8FDC-42A3-9474-1A3956D46DE8}") = "Tests", "Tests", "{02EA681E-C7D8-13C7-8484-4AC65E1B71E8}"
EndProject
Project("{FAE04EC0-301F-11D3-BF4B-00C04F79EFBC}") = "Squares.Bussiness.UnitTests", "..\Squares.Bussiness.UnitTests\Squares.Bussiness.UnitTests.csproj", "{FDD8EA5D-9860-4A0C-B4EF-6B82D5CC695B}"
EndProject
Global
	GlobalSection(SolutionConfigurationPlatforms) = preSolution
		Debug|Any CPU = Debug|Any CPU
		Release|Any CPU = Release|Any CPU
	EndGlobalSection
	GlobalSection(ProjectConfigurationPlatforms) = postSolution
		{8C004605-71AD-43E3-8B97-5E49A5FB9B24}.Debug|Any CPU.ActiveCfg = Debug|Any CPU
		{8C004605-71AD-43E3-8B97-5E49A5FB9B24}.Debug|Any CPU.Build.0 = Debug|Any CPU
		{8C004605-71AD-43E3-8B97-5E49A5FB9B24}.Release|Any CPU.ActiveCfg = Release|Any CPU
		{8C004605-71AD-43E3-8B97-5E49A5FB9B24}.Release|Any CPU.Build.0 = Release|Any CPU
		{C8CF2D24-63A3-4B62-8089-1DC96DB3C01F}.Debug|Any CPU.ActiveCfg = Debug|Any CPU
		{C8CF2D24-63A3-4B62-8089-1DC96DB3C01F}.Debug|Any CPU.Build.0 = Debug|Any CPU
		{C8CF2D24-63A3-4B62-8089-1DC96DB3C01F}.Release|Any CPU.ActiveCfg = Release|Any CPU
		{C8CF2D24-63A3-4B62-8089-1DC96DB3C01F}.Release|Any CPU.Build.0 = Release|Any CPU
		{1B0D46FD-6409-46D2-A29C-001A7D1487F2}.Debug|Any CPU.ActiveCfg = Debug|Any CPU
		{1B0D46FD-6409-46D2-A29C-001A7D1487F2}.Debug|Any CPU.Build.0 = Debug|Any CPU
		{1B0D46FD-6409-46D2-A29C-001A7D1487F2}.Release|Any CPU.ActiveCfg = Release|Any CPU
		{1B0D46FD-6409-46D2-A29C-001A7D1487F2}.Release|Any CPU.Build.0 = Release|Any CPU
		{FDD8EA5D-9860-4A0C-B4EF-6B82D5CC695B}.Debug|Any CPU.ActiveCfg = Debug|Any CPU
		{FDD8EA5D-9860-4A0C-B4EF-6B82D5CC695B}.Debug|Any CPU.Build.0 = Debug|Any CPU
		{FDD8EA5D-9860-4A0C-B4EF-6B82D5CC695B}.Release|Any CPU.ActiveCfg = Release|Any CPU
		{FDD8EA5D-9860-4A0C-B4EF-6B82D5CC695B}.Release|Any CPU.Build.0 = Release|Any CPU
	EndGlobalSection
	GlobalSection(SolutionProperties) = preSolution
		HideSolutionNode = FALSE
	EndGlobalSection
	GlobalSection(NestedProjects) = preSolution
		{FDD8EA5D-9860-4A0C-B4EF-6B82D5CC695B} = {02EA681E-C7D8-13C7-8484-4AC65E1B71E8}
	EndGlobalSection
	GlobalSection(ExtensibilityGlobals) = postSolution
		SolutionGuid = {C426F152-E439-458B-BE3B-CD604E22B7F2}
	EndGlobalSection
EndGlobal
